
Microsoft Visual Studio Solution File, Format Version 12.00
# Visual Studio Version 16
VisualStudioVersion = 16.0.28822.285
MinimumVisualStudioVersion = 10.0.40219.1
Project("{FAE04EC0-301F-11D3-BF4B-00C04F79EFBC}") = "ObjectAlgebraExecutionGraphs", "ObjectAlgebraExecutionGraphs\ObjectAlgebraExecutionGraphs.csproj", "{4002B5ED-A7CB-405D-B71D-04A399B7F42D}"
EndProject
Global
	GlobalSection(SolutionConfigurationPlatforms) = preSolution
		Debug|Any CPU = Debug|Any CPU
		Release|Any CPU = Release|Any CPU
	EndGlobalSection
	GlobalSection(ProjectConfigurationPlatforms) = postSolution
		{4002B5ED-A7CB-405D-B71D-04A399B7F42D}.Debug|Any CPU.ActiveCfg = Debug|Any CPU
		{4002B5ED-A7CB-405D-B71D-04A399B7F42D}.Debug|Any CPU.Build.0 = Debug|Any CPU
		{4002B5ED-A7CB-405D-B71D-04A399B7F42D}.Release|Any CPU.ActiveCfg = Release|Any CPU
		{4002B5ED-A7CB-405D-B71D-04A399B7F42D}.Release|Any CPU.Build.0 = Release|Any CPU
	EndGlobalSection
	GlobalSection(SolutionProperties) = preSolution
		HideSolutionNode = FALSE
	EndGlobalSection
	GlobalSection(ExtensibilityGlobals) = postSolution
		SolutionGuid = {E87C1943-68D6-45DB-961B-8A2C196517F6}
	EndGlobalSection
EndGlobal
